
Microsoft Visual Studio Solution File, Format Version 12.00
Project("{FAE04EC0-301F-11D3-BF4B-00C04F79EFBC}") = "DateLibrary", "DateLibrary\DateLibrary.csproj", "{B24B61B8-03D9-435F-90AE-B5FAD9E1C406}"
EndProject
Global
	GlobalSection(SolutionConfigurationPlatforms) = preSolution
		Debug|Any CPU = Debug|Any CPU
		Release|Any CPU = Release|Any CPU
	EndGlobalSection
	GlobalSection(ProjectConfigurationPlatforms) = postSolution
		{B24B61B8-03D9-435F-90AE-B5FAD9E1C406}.Debug|Any CPU.ActiveCfg = Debug|Any CPU
		{B24B61B8-03D9-435F-90AE-B5FAD9E1C406}.Debug|Any CPU.Build.0 = Debug|Any CPU
		{B24B61B8-03D9-435F-90AE-B5FAD9E1C406}.Release|Any CPU.ActiveCfg = Release|Any CPU
		{B24B61B8-03D9-435F-90AE-B5FAD9E1C406}.Release|Any CPU.Build.0 = Release|Any CPU
	EndGlobalSection
EndGlobal
